<?xml version="1.0" encoding="utf-8"?>
<Project ToolsVersion="4.0" xmlns="http://schemas.microsoft.com/developer/msbuild/2003">
  <ItemGroup>
    <ClCompile Include="Animation.cpp">
      <Filter>Animations</Filter>
    </ClCompile>
    <ClCompile Include="AnimationFrame.cpp">
      <Filter>Animations</Filter>
    </ClCompile>
    <ClCompile Include="InputBasedAnimation.cpp">
      <Filter>Animations</Filter>
    </ClCompile>
    <ClCompile Include="LinearAnimation.cpp">
      <Filter>Animations</Filter>
    </ClCompile>
    <ClCompile Include="CyclicAnimation.cpp">
      <Filter>Animations</Filter>
    </ClCompile>
    <ClCompile Include="ContentManager.cpp">
      <Filter>GenericFiles</Filter>
    </ClCompile>
    <ClCompile Include="game.cpp">
      <Filter>GenericFiles</Filter>
    </ClCompile>
    <ClCompile Include="Inputs.cpp">
      <Filter>GenericFiles</Filter>
    </ClCompile>
    <ClCompile Include="GameObject.cpp">
      <Filter>GenericFiles</Filter>
    </ClCompile>
    <ClCompile Include="stdafx.cpp">
      <Filter>GenericFiles</Filter>
    </ClCompile>
    <ClCompile Include="Publisher.cpp">
      <Filter>PubSub</Filter>
    </ClCompile>
    <ClCompile Include="TitleScene.cpp">
      <Filter>Scenes</Filter>
    </ClCompile>
    <ClCompile Include="Level01.cpp">
      <Filter>Scenes</Filter>
    </ClCompile>
    <ClCompile Include="Scene.cpp">
      <Filter>Scenes</Filter>
    </ClCompile>
    <ClCompile Include="Level01ContentManager.cpp">
      <Filter>Scenes\ContentManagers</Filter>
    </ClCompile>
    <ClCompile Include="ScoreBoardContentManager.cpp">
      <Filter>Scenes\ContentManagers</Filter>
    </ClCompile>
    <ClCompile Include="MenuContentManager.cpp">
      <Filter>Scenes\ContentManagers</Filter>
    </ClCompile>
    <ClCompile Include="EnemyType1.cpp">
      <Filter>Characters</Filter>
    </ClCompile>
    <ClCompile Include="EnemyType1IdleAnimation.cpp">
      <Filter>Animations</Filter>
    </ClCompile>
    <ClCompile Include="AnimatedGameObject.cpp">
      <Filter>GenericFiles</Filter>
    </ClCompile>
    <ClCompile Include="Bullet.cpp">
      <Filter>Characters</Filter>
    </ClCompile>
  </ItemGroup>
  <ItemGroup>
    <ClInclude Include="Animation.h">
      <Filter>Animations</Filter>
    </ClInclude>
    <ClInclude Include="AnimationState.h">
      <Filter>Animations</Filter>
    </ClInclude>
    <ClInclude Include="AnimationFrame.h">
      <Filter>Animations</Filter>
    </ClInclude>
    <ClInclude Include="InputBasedAnimation.h">
      <Filter>Animations</Filter>
    </ClInclude>
    <ClInclude Include="LinearAnimation.h">
      <Filter>Animations</Filter>
    </ClInclude>
    <ClInclude Include="CyclicAnimation.h">
      <Filter>Animations</Filter>
    </ClInclude>
    <ClInclude Include="ActorType.h">
      <Filter>GenericFiles</Filter>
    </ClInclude>
    <ClInclude Include="AnimatedGameObject.h">
      <Filter>GenericFiles</Filter>
    </ClInclude>
    <ClInclude Include="game.h">
      <Filter>GenericFiles</Filter>
    </ClInclude>
    <ClInclude Include="Inputs.h">
      <Filter>GenericFiles</Filter>
    </ClInclude>
    <ClInclude Include="GameObject.h">
      <Filter>GenericFiles</Filter>
    </ClInclude>
    <ClInclude Include="stdafx.h">
      <Filter>GenericFiles</Filter>
    </ClInclude>
    <ClInclude Include="targetver.h">
      <Filter>GenericFiles</Filter>
    </ClInclude>
    <ClInclude Include="Event.h">
      <Filter>PubSub</Filter>
    </ClInclude>
    <ClInclude Include="Publisher.h">
      <Filter>PubSub</Filter>
    </ClInclude>
    <ClInclude Include="Subscriber.h">
      <Filter>PubSub</Filter>
    </ClInclude>
    <ClInclude Include="TitleScene.h">
      <Filter>Scenes</Filter>
    </ClInclude>
    <ClInclude Include="Level01.h">
      <Filter>Scenes</Filter>
    </ClInclude>
    <ClInclude Include="scenetype.h">
      <Filter>Scenes</Filter>
    </ClInclude>
    <ClInclude Include="SceneResult.h">
      <Filter>Scenes</Filter>
    </ClInclude>
    <ClInclude Include="Scene.h">
      <Filter>Scenes</Filter>
    </ClInclude>
    <ClInclude Include="Level01ContentManager.h">
      <Filter>Scenes\ContentManagers</Filter>
    </ClInclude>
    <ClInclude Include="ScoreBoardContentManager.h">
      <Filter>Scenes\ContentManagers</Filter>
    </ClInclude>
    <ClInclude Include="MenuContentManager.h">
      <Filter>Scenes\ContentManagers</Filter>
    </ClInclude>
    <ClInclude Include="EnemyType1.h">
      <Filter>Characters</Filter>
    </ClInclude>
    <ClInclude Include="EnemyType1IdleAnimation.h">
      <Filter>Animations</Filter>
    </ClInclude>
    <ClInclude Include="Bullet.h">
      <Filter>Characters</Filter>
    </ClInclude>
    <ClInclude Include="CharacterType.h">
      <Filter>Characters</Filter>
    </ClInclude>
  </ItemGroup>
  <ItemGroup>
    <CopyFileToFolders Include="..\extern\SFML\bin\openal32.dll" />
    <CopyFileToFolders Include="..\extern\SFML\bin\sfml-audio-2.dll" />
    <CopyFileToFolders Include="..\extern\SFML\bin\sfml-audio-d-2.dll" />
    <CopyFileToFolders Include="..\extern\SFML\bin\sfml-graphics-2.dll" />
    <CopyFileToFolders Include="..\extern\SFML\bin\sfml-graphics-d-2.dll" />
    <CopyFileToFolders Include="..\extern\SFML\bin\sfml-network-2.dll" />
    <CopyFileToFolders Include="..\extern\SFML\bin\sfml-network-d-2.dll" />
    <CopyFileToFolders Include="..\extern\SFML\bin\sfml-system-2.dll" />
    <CopyFileToFolders Include="..\extern\SFML\bin\sfml-system-d-2.dll" />
    <CopyFileToFolders Include="..\extern\SFML\bin\sfml-window-2.dll" />
    <CopyFileToFolders Include="..\extern\SFML\bin\sfml-window-d-2.dll" />
  </ItemGroup>
  <ItemGroup>
    <Filter Include="Animations">
      <UniqueIdentifier>{f89a43d4-a6fd-45a6-809b-d8228dbd1e9e}</UniqueIdentifier>
    </Filter>
    <Filter Include="Bonus">
      <UniqueIdentifier>{a6a4f9e7-54d1-46ee-bc06-41b374ebb544}</UniqueIdentifier>
    </Filter>
    <Filter Include="Characters">
      <UniqueIdentifier>{9f5857e9-2d7c-4be4-9683-afe10bae9b2b}</UniqueIdentifier>
    </Filter>
    <Filter Include="NewFilter4">
      <UniqueIdentifier>{1a4169a1-130c-4021-9c97-986dc5dff5c0}</UniqueIdentifier>
    </Filter>
    <Filter Include="GenericFiles">
      <UniqueIdentifier>{03a3c0c2-7584-4c78-a134-d5ad5075217b}</UniqueIdentifier>
    </Filter>
    <Filter Include="PubSub">
      <UniqueIdentifier>{206749cd-2ab4-47ed-ba6b-a1fdeb801ecc}</UniqueIdentifier>
    </Filter>
    <Filter Include="Scenes">
      <UniqueIdentifier>{f7b2a6d1-21de-4d75-813e-4b8e6954156a}</UniqueIdentifier>
    </Filter>
    <Filter Include="Scenes\ContentManagers">
      <UniqueIdentifier>{bc1397e4-98ad-4506-be36-482b23c93fb7}</UniqueIdentifier>
    </Filter>
  </ItemGroup>
</Project>